# Upstream refs observed 2026-09-28 with git ls-remote; only DevStack is pinned by setup.
# Runtime SHAs and package versions are populated after a successful stack.sh.
DEVSTACK_BRANCH=stable/2026.2
DEVSTACK_SHA=0fb9685c1bf22cd0b4d576d7a74f64195ad934fe
PLACEMENT_BRANCH=stable/2026.2
PLACEMENT_SHA=UNINSTALLED
GLANCE_BRANCH=stable/2026.2
GLANCE_SHA=UNINSTALLED
NOVA_BRANCH=stable/2026.2
NOVA_SHA=UNINSTALLED
OS_VERSION=UNINSTALLED
PYTHON_VERSION=UNINSTALLED
DATABASE_VERSION=UNINSTALLED
OPENSTACKCLIENT_VERSION=UNINSTALLED
