# Actualizado desde instalación local; no contiene secretos.
DEVSTACK_BRANCH=stable/2026.2
DEVSTACK_SHA=0fb9685c1bf22cd0b4d576d7a74f64195ad934fe
PLACEMENT_BRANCH=stable/2026.2
PLACEMENT_SHA=f4a89d3803cb23df22b8714569889ab39c918c34
GLANCE_BRANCH=stable/2026.2
GLANCE_SHA=a3e5f490b7a28b1161714c94acffe5308d24b567
NOVA_BRANCH=stable/2026.2
NOVA_SHA=247ea5d774305b688997f8df81c011b249eb793c
OS_VERSION='Ubuntu 24.04.5 LTS'
PYTHON_VERSION='Python 3.12.3'
DATABASE_VERSION='mysql  Ver 8.0.46-0ubuntu0.24.04.4 for Linux on x86_64 ((Ubuntu))'
OPENSTACKCLIENT_VERSION='openstack 10.3.0'
